
Microsoft Visual Studio Solution File, Format Version 12.00
# Visual Studio Version 16
VisualStudioVersion = 16.0.31019.35
MinimumVisualStudioVersion = 10.0.40219.1
Project("{FAE04EC0-301F-11D3-BF4B-00C04F79EFBC}") = "Backend", "Backend\Backend.csproj", "{164695C4-0735-4428-970E-D6D453F263A9}"
EndProject
Global
	GlobalSection(SolutionConfigurationPlatforms) = preSolution
		Debug|Any CPU = Debug|Any CPU
		Release|Any CPU = Release|Any CPU
	EndGlobalSection
	GlobalSection(ProjectConfigurationPlatforms) = postSolution
		{164695C4-0735-4428-970E-D6D453F263A9}.Debug|Any CPU.ActiveCfg = Debug|Any CPU
		{164695C4-0735-4428-970E-D6D453F263A9}.Debug|Any CPU.Build.0 = Debug|Any CPU
		{164695C4-0735-4428-970E-D6D453F263A9}.Release|Any CPU.ActiveCfg = Release|Any CPU
		{164695C4-0735-4428-970E-D6D453F263A9}.Release|Any CPU.Build.0 = Release|Any CPU
	EndGlobalSection
	GlobalSection(SolutionProperties) = preSolution
		HideSolutionNode = FALSE
	EndGlobalSection
	GlobalSection(ExtensibilityGlobals) = postSolution
		SolutionGuid = {614BBE3F-6C5B-4ACB-B1C5-92E784DBE0B9}
	EndGlobalSection
EndGlobal
